
Microsoft Visual Studio Solution File, Format Version 12.00
# Visual Studio 15
VisualStudioVersion = 15.0.28307.1169
MinimumVisualStudioVersion = 10.0.40219.1
Project("{9A19103F-16F7-4668-BE54-9A1E7A4F7556}") = "Employees.PL", "Employees.PL\Employees.PL.csproj", "{DF30AE37-F928-4E48-9ED8-2D562DF36E00}"
EndProject
Project("{9A19103F-16F7-4668-BE54-9A1E7A4F7556}") = "Employees.DAL", "Employees.DAL\Employees.DAL.csproj", "{83A22CEE-2AC9-4BBC-9197-039444A80D8F}"
EndProject
Project("{9A19103F-16F7-4668-BE54-9A1E7A4F7556}") = "Employees.BLL", "Employees.BLL\Employees.BLL.csproj", "{40F7E31A-FD2F-408D-99B9-C9E8C6128EF0}"
EndProject
Project("{FAE04EC0-301F-11D3-BF4B-00C04F79EFBC}") = "Employees.Test", "Employees.Test\Employees.Test.csproj", "{E7A9974B-E3E3-4F26-A57D-6510C8ABBC6D}"
EndProject
Global
	GlobalSection(SolutionConfigurationPlatforms) = preSolution
		Debug|Any CPU = Debug|Any CPU
		Release|Any CPU = Release|Any CPU
	EndGlobalSection
	GlobalSection(ProjectConfigurationPlatforms) = postSolution
		{83A22CEE-2AC9-4BBC-9197-039444A80D8F}.Debug|Any CPU.ActiveCfg = Debug|Any CPU
		{83A22CEE-2AC9-4BBC-9197-039444A80D8F}.Debug|Any CPU.Build.0 = Debug|Any CPU
		{83A22CEE-2AC9-4BBC-9197-039444A80D8F}.Release|Any CPU.ActiveCfg = Release|Any CPU
		{83A22CEE-2AC9-4BBC-9197-039444A80D8F}.Release|Any CPU.Build.0 = Release|Any CPU
		{40F7E31A-FD2F-408D-99B9-C9E8C6128EF0}.Debug|Any CPU.ActiveCfg = Debug|Any CPU
		{40F7E31A-FD2F-408D-99B9-C9E8C6128EF0}.Debug|Any CPU.Build.0 = Debug|Any CPU
		{40F7E31A-FD2F-408D-99B9-C9E8C6128EF0}.Release|Any CPU.ActiveCfg = Release|Any CPU
		{40F7E31A-FD2F-408D-99B9-C9E8C6128EF0}.Release|Any CPU.Build.0 = Release|Any CPU
		{DF30AE37-F928-4E48-9ED8-2D562DF36E00}.Debug|Any CPU.ActiveCfg = Debug|Any CPU
		{DF30AE37-F928-4E48-9ED8-2D562DF36E00}.Debug|Any CPU.Build.0 = Debug|Any CPU
		{DF30AE37-F928-4E48-9ED8-2D562DF36E00}.Release|Any CPU.ActiveCfg = Release|Any CPU
		{DF30AE37-F928-4E48-9ED8-2D562DF36E00}.Release|Any CPU.Build.0 = Release|Any CPU
		{E7A9974B-E3E3-4F26-A57D-6510C8ABBC6D}.Debug|Any CPU.ActiveCfg = Debug|Any CPU
		{E7A9974B-E3E3-4F26-A57D-6510C8ABBC6D}.Debug|Any CPU.Build.0 = Debug|Any CPU
		{E7A9974B-E3E3-4F26-A57D-6510C8ABBC6D}.Release|Any CPU.ActiveCfg = Release|Any CPU
		{E7A9974B-E3E3-4F26-A57D-6510C8ABBC6D}.Release|Any CPU.Build.0 = Release|Any CPU
	EndGlobalSection
	GlobalSection(SolutionProperties) = preSolution
		HideSolutionNode = FALSE
	EndGlobalSection
	GlobalSection(ExtensibilityGlobals) = postSolution
		SolutionGuid = {22713084-0B24-421B-8667-908294B1FD0A}
	EndGlobalSection
EndGlobal
